
Microsoft Visual Studio Solution File, Format Version 12.00
# Visual Studio Version 17
VisualStudioVersion = 17.13.35931.197 d17.13
MinimumVisualStudioVersion = 10.0.40219.1
Project("{FAE04EC0-301F-11D3-BF4B-00C04F79EFBC}") = "prakitchne5(Lib)", "prakitchne5(Lib)\prakitchne5(Lib).csproj", "{5CDDCBB0-0FF6-455F-A131-6CF2286C2C15}"
EndProject
Project("{FAE04EC0-301F-11D3-BF4B-00C04F79EFBC}") = "praktichne5(App)", "praktichne5(App)\praktichne5(App).csproj", "{670D6497-739B-4577-90F5-65ADE20880F5}"
EndProject
Global
	GlobalSection(SolutionConfigurationPlatforms) = preSolution
		Debug|Any CPU = Debug|Any CPU
		Release|Any CPU = Release|Any CPU
	EndGlobalSection
	GlobalSection(ProjectConfigurationPlatforms) = postSolution
		{5CDDCBB0-0FF6-455F-A131-6CF2286C2C15}.Debug|Any CPU.ActiveCfg = Debug|Any CPU
		{5CDDCBB0-0FF6-455F-A131-6CF2286C2C15}.Debug|Any CPU.Build.0 = Debug|Any CPU
		{5CDDCBB0-0FF6-455F-A131-6CF2286C2C15}.Release|Any CPU.ActiveCfg = Release|Any CPU
		{5CDDCBB0-0FF6-455F-A131-6CF2286C2C15}.Release|Any CPU.Build.0 = Release|Any CPU
		{670D6497-739B-4577-90F5-65ADE20880F5}.Debug|Any CPU.ActiveCfg = Debug|Any CPU
		{670D6497-739B-4577-90F5-65ADE20880F5}.Debug|Any CPU.Build.0 = Debug|Any CPU
		{670D6497-739B-4577-90F5-65ADE20880F5}.Release|Any CPU.ActiveCfg = Release|Any CPU
		{670D6497-739B-4577-90F5-65ADE20880F5}.Release|Any CPU.Build.0 = Release|Any CPU
	EndGlobalSection
	GlobalSection(SolutionProperties) = preSolution
		HideSolutionNode = FALSE
	EndGlobalSection
	GlobalSection(ExtensibilityGlobals) = postSolution
		SolutionGuid = {41EC9544-1D9A-49BC-AB72-534F051DBE51}
	EndGlobalSection
EndGlobal
